
Microsoft Visual Studio Solution File, Format Version 12.00
# Visual Studio Version 17
VisualStudioVersion = 17.1.32328.378
MinimumVisualStudioVersion = 10.0.40219.1
Project("{FAE04EC0-301F-11D3-BF4B-00C04F79EFBC}") = "GetSomeInput", "Inputty\GetSomeInput.csproj", "{97B0CFC5-342E-47D8-8468-6077F30E96B4}"
EndProject
Project("{FAE04EC0-301F-11D3-BF4B-00C04F79EFBC}") = "Test", "Test\Test.csproj", "{B1448BA6-2707-4D46-BAFA-25BF664C9E41}"
EndProject
Global
	GlobalSection(SolutionConfigurationPlatforms) = preSolution
		Debug|Any CPU = Debug|Any CPU
		Release|Any CPU = Release|Any CPU
	EndGlobalSection
	GlobalSection(ProjectConfigurationPlatforms) = postSolution
		{97B0CFC5-342E-47D8-8468-6077F30E96B4}.Debug|Any CPU.ActiveCfg = Debug|Any CPU
		{97B0CFC5-342E-47D8-8468-6077F30E96B4}.Debug|Any CPU.Build.0 = Debug|Any CPU
		{97B0CFC5-342E-47D8-8468-6077F30E96B4}.Release|Any CPU.ActiveCfg = Release|Any CPU
		{97B0CFC5-342E-47D8-8468-6077F30E96B4}.Release|Any CPU.Build.0 = Release|Any CPU
		{B1448BA6-2707-4D46-BAFA-25BF664C9E41}.Debug|Any CPU.ActiveCfg = Debug|Any CPU
		{B1448BA6-2707-4D46-BAFA-25BF664C9E41}.Debug|Any CPU.Build.0 = Debug|Any CPU
		{B1448BA6-2707-4D46-BAFA-25BF664C9E41}.Release|Any CPU.ActiveCfg = Release|Any CPU
		{B1448BA6-2707-4D46-BAFA-25BF664C9E41}.Release|Any CPU.Build.0 = Release|Any CPU
	EndGlobalSection
	GlobalSection(SolutionProperties) = preSolution
		HideSolutionNode = FALSE
	EndGlobalSection
	GlobalSection(ExtensibilityGlobals) = postSolution
		SolutionGuid = {58F98257-BE49-4DE2-9DE9-F832FB16BC18}
	EndGlobalSection
EndGlobal
